
Microsoft Visual Studio Solution File, Format Version 12.00
# Visual Studio Version 17
VisualStudioVersion = 17.13.35825.156
MinimumVisualStudioVersion = 10.0.40219.1
Project("{FAE04EC0-301F-11D3-BF4B-00C04F79EFBC}") = "Sheenam.Api", "Sheenam.Api\Sheenam.Api.csproj", "{27E0C1E7-9DD5-486C-BF57-1467EB29EF60}"
EndProject
Project("{FAE04EC0-301F-11D3-BF4B-00C04F79EFBC}") = "Sheenam.Api.Tests.Unit", "Sheenam.Api.Tests.Unit\Sheenam.Api.Tests.Unit.csproj", "{9BE83695-9232-45E0-9ED0-32442EEC8FE8}"
EndProject
Project("{FAE04EC0-301F-11D3-BF4B-00C04F79EFBC}") = "Sheenam.Api.Infrastructure.Build", "Sheenam.Api.Infrastructure.Build\Sheenam.Api.Infrastructure.Build.csproj", "{2A9FC828-4CC6-44D1-A1C4-95F77D7A8742}"
EndProject
Global
	GlobalSection(SolutionConfigurationPlatforms) = preSolution
		Debug|Any CPU = Debug|Any CPU
		Release|Any CPU = Release|Any CPU
	EndGlobalSection
	GlobalSection(ProjectConfigurationPlatforms) = postSolution
		{27E0C1E7-9DD5-486C-BF57-1467EB29EF60}.Debug|Any CPU.ActiveCfg = Debug|Any CPU
		{27E0C1E7-9DD5-486C-BF57-1467EB29EF60}.Debug|Any CPU.Build.0 = Debug|Any CPU
		{27E0C1E7-9DD5-486C-BF57-1467EB29EF60}.Release|Any CPU.ActiveCfg = Release|Any CPU
		{27E0C1E7-9DD5-486C-BF57-1467EB29EF60}.Release|Any CPU.Build.0 = Release|Any CPU
		{9BE83695-9232-45E0-9ED0-32442EEC8FE8}.Debug|Any CPU.ActiveCfg = Debug|Any CPU
		{9BE83695-9232-45E0-9ED0-32442EEC8FE8}.Debug|Any CPU.Build.0 = Debug|Any CPU
		{9BE83695-9232-45E0-9ED0-32442EEC8FE8}.Release|Any CPU.ActiveCfg = Release|Any CPU
		{9BE83695-9232-45E0-9ED0-32442EEC8FE8}.Release|Any CPU.Build.0 = Release|Any CPU
		{2A9FC828-4CC6-44D1-A1C4-95F77D7A8742}.Debug|Any CPU.ActiveCfg = Debug|Any CPU
		{2A9FC828-4CC6-44D1-A1C4-95F77D7A8742}.Debug|Any CPU.Build.0 = Debug|Any CPU
		{2A9FC828-4CC6-44D1-A1C4-95F77D7A8742}.Release|Any CPU.ActiveCfg = Release|Any CPU
		{2A9FC828-4CC6-44D1-A1C4-95F77D7A8742}.Release|Any CPU.Build.0 = Release|Any CPU
	EndGlobalSection
	GlobalSection(SolutionProperties) = preSolution
		HideSolutionNode = FALSE
	EndGlobalSection
	GlobalSection(ExtensibilityGlobals) = postSolution
		SolutionGuid = {13886836-89C1-4DF6-8966-2862B752DD56}
	EndGlobalSection
EndGlobal
